{
  "version": 4,
  "terraform_version": "1.3.3",
  "serial": 118,
  "lineage": "a7a400fa-b8fe-27cb-3cf8-0b6d9bed1fca",
  "outputs": {},
  "resources": [
    {
      "mode": "managed",
      "type": "google_compute_firewall",
      "name": "firewall-iap",
      "provider": "provider[\"registry.terraform.io/hashicorp/google\"]",
      "instances": [
        {
          "schema_version": 1,
          "attributes": {
            "allow": [
              {
                "ports": [
                  "80",
                  "22"
                ],
                "protocol": "tcp"
              }
            ],
            "creation_timestamp": "2022-11-18T00:32:56.621-08:00",
            "deny": [],
            "description": "",
            "destination_ranges": [],
            "direction": "INGRESS",
            "disabled": false,
            "enable_logging": null,
            "id": "projects/genial-aviary-367821/global/firewalls/firewall-allow-iap",
            "log_config": [],
            "name": "firewall-allow-iap",
            "network": "https://www.googleapis.com/compute/v1/projects/genial-aviary-367821/global/networks/vpc-net",
            "priority": 1000,
            "project": "genial-aviary-367821",
            "self_link": "https://www.googleapis.com/compute/v1/projects/genial-aviary-367821/global/firewalls/firewall-allow-iap",
            "source_ranges": [
              "35.235.240.0/20"
            ],
            "source_service_accounts": [],
            "source_tags": [],
            "target_service_accounts": [],
            "target_tags": [],
            "timeouts": null
          },
          "sensitive_attributes": [],
          "private": "eyJlMmJmYjczMC1lY2FhLTExZTYtOGY4OC0zNDM2M2JjN2M0YzAiOnsiY3JlYXRlIjoxMjAwMDAwMDAwMDAwLCJkZWxldGUiOjEyMDAwMDAwMDAwMDAsInVwZGF0ZSI6MTIwMDAwMDAwMDAwMH0sInNjaGVtYV92ZXJzaW9uIjoiMSJ9",
          "dependencies": [
            "google_compute_network.vpc_network"
          ]
        }
      ]
    },
    {
      "mode": "managed",
      "type": "google_compute_instance",
      "name": "vm_instance",
      "provider": "provider[\"registry.terraform.io/hashicorp/google\"]",
      "instances": [
        {
          "schema_version": 6,
          "attributes": {
            "advanced_machine_features": [],
            "allow_stopping_for_update": null,
            "attached_disk": [],
            "boot_disk": [
              {
                "auto_delete": true,
                "device_name": "persistent-disk-0",
                "disk_encryption_key_raw": "",
                "disk_encryption_key_sha256": "",
                "initialize_params": [
                  {
                    "image": "https://www.googleapis.com/compute/v1/projects/debian-cloud/global/images/debian-11-bullseye-v20221102",
                    "labels": {},
                    "size": 10,
                    "type": "pd-standard"
                  }
                ],
                "kms_key_self_link": "",
                "mode": "READ_WRITE",
                "source": "https://www.googleapis.com/compute/v1/projects/genial-aviary-367821/zones/europe-west3-c/disks/vm"
              }
            ],
            "can_ip_forward": false,
            "confidential_instance_config": [],
            "cpu_platform": "Intel Broadwell",
            "current_status": "RUNNING",
            "deletion_protection": false,
            "description": "",
            "desired_status": null,
            "enable_display": false,
            "guest_accelerator": [],
            "hostname": "",
            "id": "projects/genial-aviary-367821/zones/europe-west3-c/instances/vm",
            "instance_id": "542429083902606783",
            "label_fingerprint": "42WmSpB8rSM=",
            "labels": {},
            "machine_type": "e2-small",
            "metadata": {},
            "metadata_fingerprint": "gJrv4lrtI_c=",
            "metadata_startup_script": null,
            "min_cpu_platform": "",
            "name": "vm",
            "network_interface": [
              {
                "access_config": [],
                "alias_ip_range": [],
                "ipv6_access_config": [],
                "ipv6_access_type": "",
                "name": "nic0",
                "network": "https://www.googleapis.com/compute/v1/projects/genial-aviary-367821/global/networks/vpc-net",
                "network_ip": "10.0.0.2",
                "nic_type": "",
                "queue_count": 0,
                "stack_type": "IPV4_ONLY",
                "subnetwork": "https://www.googleapis.com/compute/v1/projects/genial-aviary-367821/regions/europe-west3/subnetworks/management-subnet",
                "subnetwork_project": "genial-aviary-367821"
              }
            ],
            "project": "genial-aviary-367821",
            "reservation_affinity": [],
            "resource_policies": [],
            "scheduling": [
              {
                "automatic_restart": true,
                "instance_termination_action": "",
                "min_node_cpus": 0,
                "node_affinities": [],
                "on_host_maintenance": "MIGRATE",
                "preemptible": false,
                "provisioning_model": "STANDARD"
              }
            ],
            "scratch_disk": [],
            "self_link": "https://www.googleapis.com/compute/v1/projects/genial-aviary-367821/zones/europe-west3-c/instances/vm",
            "service_account": [],
            "shielded_instance_config": [
              {
                "enable_integrity_monitoring": true,
                "enable_secure_boot": false,
                "enable_vtpm": true
              }
            ],
            "tags": [],
            "tags_fingerprint": "42WmSpB8rSM=",
            "timeouts": null,
            "zone": "europe-west3-c"
          },
          "sensitive_attributes": [],
          "private": "eyJlMmJmYjczMC1lY2FhLTExZTYtOGY4OC0zNDM2M2JjN2M0YzAiOnsiY3JlYXRlIjoxMjAwMDAwMDAwMDAwLCJkZWxldGUiOjEyMDAwMDAwMDAwMDAsInVwZGF0ZSI6MTIwMDAwMDAwMDAwMH0sInNjaGVtYV92ZXJzaW9uIjoiNiJ9",
          "dependencies": [
            "google_compute_network.vpc_network",
            "google_compute_subnetwork.management_subnet"
          ]
        }
      ]
    },
    {
      "mode": "managed",
      "type": "google_compute_network",
      "name": "vpc_network",
      "provider": "provider[\"registry.terraform.io/hashicorp/google\"]",
      "instances": [
        {
          "schema_version": 0,
          "attributes": {
            "auto_create_subnetworks": false,
            "delete_default_routes_on_create": false,
            "description": "",
            "enable_ula_internal_ipv6": false,
            "gateway_ipv4": "",
            "id": "projects/genial-aviary-367821/global/networks/vpc-net",
            "internal_ipv6_range": "",
            "mtu": 1460,
            "name": "vpc-net",
            "project": "genial-aviary-367821",
            "routing_mode": "REGIONAL",
            "self_link": "https://www.googleapis.com/compute/v1/projects/genial-aviary-367821/global/networks/vpc-net",
            "timeouts": null
          },
          "sensitive_attributes": [],
          "private": "eyJlMmJmYjczMC1lY2FhLTExZTYtOGY4OC0zNDM2M2JjN2M0YzAiOnsiY3JlYXRlIjoxMjAwMDAwMDAwMDAwLCJkZWxldGUiOjEyMDAwMDAwMDAwMDAsInVwZGF0ZSI6MTIwMDAwMDAwMDAwMH19"
        }
      ]
    },
    {
      "mode": "managed",
      "type": "google_compute_router",
      "name": "router",
      "provider": "provider[\"registry.terraform.io/hashicorp/google\"]",
      "instances": [
        {
          "schema_version": 0,
          "attributes": {
            "bgp": [],
            "creation_timestamp": "2022-11-18T00:33:19.162-08:00",
            "description": "",
            "encrypted_interconnect_router": false,
            "id": "projects/genial-aviary-367821/regions/europe-west3/routers/router",
            "name": "router",
            "network": "https://www.googleapis.com/compute/v1/projects/genial-aviary-367821/global/networks/vpc-net",
            "project": "genial-aviary-367821",
            "region": "europe-west3",
            "self_link": "https://www.googleapis.com/compute/v1/projects/genial-aviary-367821/regions/europe-west3/routers/router",
            "timeouts": null
          },
          "sensitive_attributes": [],
          "private": "eyJlMmJmYjczMC1lY2FhLTExZTYtOGY4OC0zNDM2M2JjN2M0YzAiOnsiY3JlYXRlIjoxMjAwMDAwMDAwMDAwLCJkZWxldGUiOjEyMDAwMDAwMDAwMDAsInVwZGF0ZSI6MTIwMDAwMDAwMDAwMH19",
          "dependencies": [
            "google_compute_network.vpc_network",
            "google_compute_subnetwork.management_subnet"
          ]
        }
      ]
    },
    {
      "mode": "managed",
      "type": "google_compute_router_nat",
      "name": "nat",
      "provider": "provider[\"registry.terraform.io/hashicorp/google\"]",
      "instances": [
        {
          "schema_version": 0,
          "attributes": {
            "drain_nat_ips": [],
            "enable_dynamic_port_allocation": false,
            "enable_endpoint_independent_mapping": true,
            "icmp_idle_timeout_sec": 30,
            "id": "genial-aviary-367821/europe-west3/router/nat",
            "log_config": [],
            "max_ports_per_vm": 0,
            "min_ports_per_vm": 0,
            "name": "nat",
            "nat_ip_allocate_option": "AUTO_ONLY",
            "nat_ips": [],
            "project": "genial-aviary-367821",
            "region": "europe-west3",
            "router": "router",
            "rules": [],
            "source_subnetwork_ip_ranges_to_nat": "ALL_SUBNETWORKS_ALL_IP_RANGES",
            "subnetwork": [],
            "tcp_established_idle_timeout_sec": 1200,
            "tcp_transitory_idle_timeout_sec": 30,
            "timeouts": null,
            "udp_idle_timeout_sec": 30
          },
          "sensitive_attributes": [],
          "private": "eyJlMmJmYjczMC1lY2FhLTExZTYtOGY4OC0zNDM2M2JjN2M0YzAiOnsiY3JlYXRlIjoxMjAwMDAwMDAwMDAwLCJkZWxldGUiOjEyMDAwMDAwMDAwMDAsInVwZGF0ZSI6MTIwMDAwMDAwMDAwMH19",
          "dependencies": [
            "google_compute_network.vpc_network",
            "google_compute_router.router",
            "google_compute_subnetwork.management_subnet"
          ]
        }
      ]
    },
    {
      "mode": "managed",
      "type": "google_compute_subnetwork",
      "name": "management_subnet",
      "provider": "provider[\"registry.terraform.io/hashicorp/google\"]",
      "instances": [
        {
          "schema_version": 0,
          "attributes": {
            "creation_timestamp": "2022-11-18T00:32:57.488-08:00",
            "description": "",
            "external_ipv6_prefix": "",
            "fingerprint": null,
            "gateway_address": "10.0.0.1",
            "id": "projects/genial-aviary-367821/regions/europe-west3/subnetworks/management-subnet",
            "ip_cidr_range": "10.0.0.0/24",
            "ipv6_access_type": "",
            "ipv6_cidr_range": "",
            "log_config": [],
            "name": "management-subnet",
            "network": "https://www.googleapis.com/compute/v1/projects/genial-aviary-367821/global/networks/vpc-net",
            "private_ip_google_access": false,
            "private_ipv6_google_access": "DISABLE_GOOGLE_ACCESS",
            "project": "genial-aviary-367821",
            "purpose": "PRIVATE",
            "region": "europe-west3",
            "role": "",
            "secondary_ip_range": [],
            "self_link": "https://www.googleapis.com/compute/v1/projects/genial-aviary-367821/regions/europe-west3/subnetworks/management-subnet",
            "stack_type": "IPV4_ONLY",
            "timeouts": null
          },
          "sensitive_attributes": [],
          "private": "eyJlMmJmYjczMC1lY2FhLTExZTYtOGY4OC0zNDM2M2JjN2M0YzAiOnsiY3JlYXRlIjoxMjAwMDAwMDAwMDAwLCJkZWxldGUiOjEyMDAwMDAwMDAwMDAsInVwZGF0ZSI6MTIwMDAwMDAwMDAwMH19",
          "dependencies": [
            "google_compute_network.vpc_network"
          ]
        }
      ]
    },
    {
      "mode": "managed",
      "type": "google_compute_subnetwork",
      "name": "restricted_subnet",
      "provider": "provider[\"registry.terraform.io/hashicorp/google\"]",
      "instances": [
        {
          "schema_version": 0,
          "attributes": {
            "creation_timestamp": "2022-11-18T00:32:57.365-08:00",
            "description": "",
            "external_ipv6_prefix": "",
            "fingerprint": null,
            "gateway_address": "10.0.1.1",
            "id": "projects/genial-aviary-367821/regions/europe-west3/subnetworks/restricted-subnet",
            "ip_cidr_range": "10.0.1.0/24",
            "ipv6_access_type": "",
            "ipv6_cidr_range": "",
            "log_config": [],
            "name": "restricted-subnet",
            "network": "https://www.googleapis.com/compute/v1/projects/genial-aviary-367821/global/networks/vpc-net",
            "private_ip_google_access": true,
            "private_ipv6_google_access": "DISABLE_GOOGLE_ACCESS",
            "project": "genial-aviary-367821",
            "purpose": "PRIVATE",
            "region": "europe-west3",
            "role": "",
            "secondary_ip_range": [
              {
                "ip_cidr_range": "10.12.0.0/16",
                "range_name": "gke-iti-private-cluster-services-4a9591b6"
              },
              {
                "ip_cidr_range": "10.16.0.0/16",
                "range_name": "gke-iti-private-cluster-pods-4a9591b6"
              }
            ],
            "self_link": "https://www.googleapis.com/compute/v1/projects/genial-aviary-367821/regions/europe-west3/subnetworks/restricted-subnet",
            "stack_type": "IPV4_ONLY",
            "timeouts": null
          },
          "sensitive_attributes": [],
          "private": "eyJlMmJmYjczMC1lY2FhLTExZTYtOGY4OC0zNDM2M2JjN2M0YzAiOnsiY3JlYXRlIjoxMjAwMDAwMDAwMDAwLCJkZWxldGUiOjEyMDAwMDAwMDAwMDAsInVwZGF0ZSI6MTIwMDAwMDAwMDAwMH19",
          "dependencies": [
            "google_compute_network.vpc_network"
          ]
        }
      ]
    },
    {
      "mode": "managed",
      "type": "google_container_cluster",
      "name": "private-cluster",
      "provider": "provider[\"registry.terraform.io/hashicorp/google\"]",
      "instances": [
        {
          "schema_version": 1,
          "attributes": {
            "addons_config": [
              {
                "cloudrun_config": [],
                "dns_cache_config": [],
                "gce_persistent_disk_csi_driver_config": [
                  {
                    "enabled": true
                  }
                ],
                "gcp_filestore_csi_driver_config": [],
                "horizontal_pod_autoscaling": [],
                "http_load_balancing": [],
                "network_policy_config": [
                  {
                    "disabled": true
                  }
                ]
              }
            ],
            "authenticator_groups_config": [],
            "binary_authorization": [
              {
                "enabled": false,
                "evaluation_mode": ""
              }
            ],
            "cluster_autoscaling": [
              {
                "auto_provisioning_defaults": [],
                "enabled": false,
                "resource_limits": []
              }
            ],
            "cluster_ipv4_cidr": "10.16.0.0/16",
            "confidential_nodes": [],
            "cost_management_config": [],
            "database_encryption": [
              {
                "key_name": "",
                "state": "DECRYPTED"
              }
            ],
            "datapath_provider": "",
            "default_max_pods_per_node": 110,
            "default_snat_status": [
              {
                "disabled": false
              }
            ],
            "description": "",
            "dns_config": [],
            "enable_autopilot": false,
            "enable_binary_authorization": false,
            "enable_intranode_visibility": false,
            "enable_kubernetes_alpha": false,
            "enable_legacy_abac": false,
            "enable_shielded_nodes": true,
            "enable_tpu": false,
            "endpoint": "172.16.0.2",
            "id": "projects/genial-aviary-367821/locations/europe-west3/clusters/iti-private-cluster",
            "initial_node_count": 1,
            "ip_allocation_policy": [
              {
                "cluster_ipv4_cidr_block": "10.16.0.0/16",
                "cluster_secondary_range_name": "gke-iti-private-cluster-pods-4a9591b6",
                "services_ipv4_cidr_block": "10.12.0.0/16",
                "services_secondary_range_name": "gke-iti-private-cluster-services-4a9591b6"
              }
            ],
            "label_fingerprint": "a9dc16a7",
            "location": "europe-west3",
            "logging_config": [
              {
                "enable_components": [
                  "SYSTEM_COMPONENTS",
                  "WORKLOADS"
                ]
              }
            ],
            "logging_service": "logging.googleapis.com/kubernetes",
            "maintenance_policy": [],
            "master_auth": [
              {
                "client_certificate": "",
                "client_certificate_config": [
                  {
                    "issue_client_certificate": false
                  }
                ],
                "client_key": "",
                "cluster_ca_certificate": "LS0tLS1CRUdJTiBDRVJUSUZJQ0FURS0tLS0tCk1JSUVMRENDQXBTZ0F3SUJBZ0lRU0ZUMVNpMU12eUg4bk1EQzF4TkVmakFOQmdrcWhraUc5dzBCQVFzRkFEQXYKTVMwd0t3WURWUVFERXlRM00yWXdOV0l3TmkweE1tSXpMVFEwTXpVdE9XUm1aUzFqTWpVNFptWmhZVEpoTlRZdwpJQmNOTWpJeE1URTRNRGN6TXpFNVdoZ1BNakExTWpFeE1UQXdPRE16TVRsYU1DOHhMVEFyQmdOVkJBTVRKRGN6ClpqQTFZakEyTFRFeVlqTXRORFF6TlMwNVpHWmxMV015TlRobVptRmhNbUUxTmpDQ0FhSXdEUVlKS29aSWh2Y04KQVFFQkJRQURnZ0dQQURDQ0FZb0NnZ0dCQU1NVllzeWtEcTJlREFldUd4RFB3L0ZTbVNQWFg0MEdZRzRXTDZScgpiN1VBK1RQaWxnQlhXQ1I2RlVlSVkvcTFzaFZUYnZncWtJSWpxRklCMHNCME83bExpYTBHdnJIMmlPNHE0cnRhCnlzZUZDVDdhSFNUcFVlUWp4eXRPZlp6YTZxbWp0enkvQkFKWEIzZHVycmJqdU5IZG5rUWlLTUhrV3pkVUYvSDgKc2txOGJwdWc3L1BJYkxmcWVhbzZILzY2Zi9NYTZVZExZclZOb3dUdHNTaGc4dzcxWTEyTFpBaFZPcFZFS1Q3dgozbjJYOWJ1blh1bVBkVDk4V0gzdndiZVN3blFnRkVTSmVzNS9JU2JkMzByRFg2Rlc0cXEwK0tIRmZ2M1g5MVJWCkhBS1BDanN1VmxWSldLaERiNitReUNmZnppb1JRU1EzUDJySGVFYkJzU05IcjkwOEdIVVR3MHlkYUJHTzVVQ3kKZmJ5N3Yxc3BYQkJvQnRRTGd2Z3l5T0lCanpYQmdGZVBhWEZhK3l3SGxFby9ZYVlTNHZUeDZzNWVreDJKNTVIOQpnTnM3S1VSS2lzTUFFUjl1TTNzTnE5UndnQVA1WmQwYU95N2x4UmVFWXVuRUR1aFRReTh2Y2xPV0ZFTzFkaG90CmtyN3BBRDFWY3JoVkdnamVsbjE3OUZ2RHBRSURBUUFCbzBJd1FEQU9CZ05WSFE4QkFmOEVCQU1DQWdRd0R3WUQKVlIwVEFRSC9CQVV3QXdFQi96QWRCZ05WSFE0RUZnUVVzWWFpbGZCRHJCRnNGeUdiTnQ3dnVXL0hSc1V3RFFZSgpLb1pJaHZjTkFRRUxCUUFEZ2dHQkFKNnhTMVg3N2hjWVRuL2h3dDVIRTJrREJOeVhxK0IxOExhREVFeWRzRGlzCjh0aDRaZHpiY0dkT1lwYTY0NjNqNGI2N0FhQkQ3b2haa1kxaUZIZ0lJcmlKTmlKYWJxUk1tdzlsZ1JPd0ZuMGgKdVRaMUVLbko0cmlTWi9nR3RMYmpCMjRjT2dWL29BMVhGdXRGTHZ5NVVGVSt1Z0s2NThORGhidHZMaGl0Zk9rawpIa2c2NEpNSXRnd21BbEJuLzFwZDliTWxkUUVPcTZXSjRPTC9QS3RvUlNFMi9IMTkyb0hxWUdzaUQ5MnVqNUNnCjNFdVE1bXZVQW5LM1FxaTZETmRXSHdtUWcvOGNxTjlEdGNMM0hEbnhNT2tTRVdPbmpFVWtxVWhKd1ZJbWRVTzMKQTNCUHBpOTZoRVRuTVQzc3NwcFd1OFNhcyt2eG9DUVIzbkYwck51VmhHeUkvYWhNdzJUTHNJQktlZ1A1d1NkZQpyN3MvVnBjbkJSK0kzQjg5dkM3czF4QUZSbXRucjJKREwxUHhDbE1jVU5HUG9QN1NibmZDYU5CSStQQ2FSMS9xCk4zbWdiRnVlbTBqd0dkdnlpUGtDQ2hOZU80d0Zlenl1N3lvZlNOdU54ekpKb3daS0xyYXF6em16NWV3Qnd1am4KSSt4RllmbmE4SVNta3pIaWFocE5ZZz09Ci0tLS0tRU5EIENFUlRJRklDQVRFLS0tLS0K"
              }
            ],
            "master_authorized_networks_config": [
              {
                "cidr_blocks": [
                  {
                    "cidr_block": "10.0.0.0/24",
                    "display_name": "managment-cidr-range"
                  }
                ]
              }
            ],
            "master_version": "1.23.12-gke.100",
            "mesh_certificates": [],
            "min_master_version": null,
            "monitoring_config": [
              {
                "enable_components": [
                  "SYSTEM_COMPONENTS"
                ]
              }
            ],
            "monitoring_service": "monitoring.googleapis.com/kubernetes",
            "name": "iti-private-cluster",
            "network": "projects/genial-aviary-367821/global/networks/vpc-net",
            "network_policy": [
              {
                "enabled": false,
                "provider": "PROVIDER_UNSPECIFIED"
              }
            ],
            "networking_mode": "VPC_NATIVE",
            "node_config": [
              {
                "boot_disk_kms_key": "",
                "disk_size_gb": 100,
                "disk_type": "pd-standard",
                "gcfs_config": [],
                "guest_accelerator": [],
                "gvnic": [],
                "image_type": "COS_CONTAINERD",
                "labels": {},
                "local_ssd_count": 0,
                "machine_type": "e2-micro",
                "metadata": {
                  "disable-legacy-endpoints": "true"
                },
                "min_cpu_platform": "",
                "node_group": "",
                "oauth_scopes": [
                  "https://www.googleapis.com/auth/logging.write",
                  "https://www.googleapis.com/auth/monitoring"
                ],
                "preemptible": true,
                "reservation_affinity": [],
                "service_account": "default",
                "shielded_instance_config": [
                  {
                    "enable_integrity_monitoring": true,
                    "enable_secure_boot": false
                  }
                ],
                "spot": false,
                "tags": [],
                "taint": [],
                "workload_metadata_config": []
              }
            ],
            "node_locations": [
              "europe-west3-a",
              "europe-west3-b",
              "europe-west3-c"
            ],
            "node_pool": [
              {
                "autoscaling": [],
                "initial_node_count": 1,
                "instance_group_urls": [
                  "https://www.googleapis.com/compute/v1/projects/genial-aviary-367821/zones/europe-west3-b/instanceGroupManagers/gke-iti-private-cluste-final-nodepool-7477eb0a-grp",
                  "https://www.googleapis.com/compute/v1/projects/genial-aviary-367821/zones/europe-west3-c/instanceGroupManagers/gke-iti-private-cluste-final-nodepool-9b6ccd43-grp",
                  "https://www.googleapis.com/compute/v1/projects/genial-aviary-367821/zones/europe-west3-a/instanceGroupManagers/gke-iti-private-cluste-final-nodepool-f4553919-grp"
                ],
                "managed_instance_group_urls": [
                  "https://www.googleapis.com/compute/v1/projects/genial-aviary-367821/zones/europe-west3-b/instanceGroups/gke-iti-private-cluste-final-nodepool-7477eb0a-grp",
                  "https://www.googleapis.com/compute/v1/projects/genial-aviary-367821/zones/europe-west3-c/instanceGroups/gke-iti-private-cluste-final-nodepool-9b6ccd43-grp",
                  "https://www.googleapis.com/compute/v1/projects/genial-aviary-367821/zones/europe-west3-a/instanceGroups/gke-iti-private-cluste-final-nodepool-f4553919-grp"
                ],
                "management": [
                  {
                    "auto_repair": true,
                    "auto_upgrade": true
                  }
                ],
                "max_pods_per_node": 110,
                "name": "final-nodepool",
                "name_prefix": "",
                "node_config": [
                  {
                    "boot_disk_kms_key": "",
                    "disk_size_gb": 100,
                    "disk_type": "pd-standard",
                    "gcfs_config": [],
                    "guest_accelerator": [],
                    "gvnic": [],
                    "image_type": "COS_CONTAINERD",
                    "labels": {},
                    "local_ssd_count": 0,
                    "machine_type": "e2-micro",
                    "metadata": {
                      "disable-legacy-endpoints": "true"
                    },
                    "min_cpu_platform": "",
                    "node_group": "",
                    "oauth_scopes": [
                      "https://www.googleapis.com/auth/logging.write",
                      "https://www.googleapis.com/auth/monitoring"
                    ],
                    "preemptible": true,
                    "reservation_affinity": [],
                    "service_account": "default",
                    "shielded_instance_config": [
                      {
                        "enable_integrity_monitoring": true,
                        "enable_secure_boot": false
                      }
                    ],
                    "spot": false,
                    "tags": [],
                    "taint": [],
                    "workload_metadata_config": []
                  }
                ],
                "node_count": 1,
                "node_locations": [
                  "europe-west3-a",
                  "europe-west3-b",
                  "europe-west3-c"
                ],
                "upgrade_settings": [
                  {
                    "max_surge": 1,
                    "max_unavailable": 0
                  }
                ],
                "version": "1.23.12-gke.100"
              }
            ],
            "node_version": "1.23.12-gke.100",
            "notification_config": [
              {
                "pubsub": [
                  {
                    "enabled": false,
                    "filter": [],
                    "topic": ""
                  }
                ]
              }
            ],
            "operation": null,
            "private_cluster_config": [
              {
                "enable_private_endpoint": true,
                "enable_private_nodes": true,
                "master_global_access_config": [
                  {
                    "enabled": false
                  }
                ],
                "master_ipv4_cidr_block": "172.16.0.0/28",
                "peering_name": "gke-n33dc8c28244681a7fda-1627-34ec-peer",
                "private_endpoint": "172.16.0.2",
                "public_endpoint": "35.198.64.101"
              }
            ],
            "private_ipv6_google_access": "",
            "project": "genial-aviary-367821",
            "release_channel": [
              {
                "channel": "REGULAR"
              }
            ],
            "remove_default_node_pool": true,
            "resource_labels": {},
            "resource_usage_export_config": [],
            "self_link": "https://container.googleapis.com/v1/projects/genial-aviary-367821/locations/europe-west3/clusters/iti-private-cluster",
            "service_external_ips_config": [
              {
                "enabled": false
              }
            ],
            "services_ipv4_cidr": "10.12.0.0/16",
            "subnetwork": "projects/genial-aviary-367821/regions/europe-west3/subnetworks/restricted-subnet",
            "timeouts": null,
            "tpu_ipv4_cidr_block": "",
            "vertical_pod_autoscaling": [],
            "workload_identity_config": []
          },
          "sensitive_attributes": [],
          "private": "eyJlMmJmYjczMC1lY2FhLTExZTYtOGY4OC0zNDM2M2JjN2M0YzAiOnsiY3JlYXRlIjoyNDAwMDAwMDAwMDAwLCJkZWxldGUiOjI0MDAwMDAwMDAwMDAsInJlYWQiOjI0MDAwMDAwMDAwMDAsInVwZGF0ZSI6MzYwMDAwMDAwMDAwMH0sInNjaGVtYV92ZXJzaW9uIjoiMSJ9",
          "dependencies": [
            "google_compute_network.vpc_network",
            "google_compute_subnetwork.restricted_subnet"
          ]
        }
      ]
    },
    {
      "mode": "managed",
      "type": "google_container_node_pool",
      "name": "nodepool",
      "provider": "provider[\"registry.terraform.io/hashicorp/google\"]",
      "instances": [
        {
          "schema_version": 1,
          "attributes": {
            "autoscaling": [],
            "cluster": "projects/genial-aviary-367821/locations/europe-west3/clusters/iti-private-cluster",
            "id": "projects/genial-aviary-367821/locations/europe-west3/clusters/iti-private-cluster/nodePools/final-nodepool",
            "initial_node_count": 1,
            "instance_group_urls": [
              "https://www.googleapis.com/compute/v1/projects/genial-aviary-367821/zones/europe-west3-b/instanceGroupManagers/gke-iti-private-cluste-final-nodepool-561ae40d-grp",
              "https://www.googleapis.com/compute/v1/projects/genial-aviary-367821/zones/europe-west3-c/instanceGroupManagers/gke-iti-private-cluste-final-nodepool-f5635f9d-grp",
              "https://www.googleapis.com/compute/v1/projects/genial-aviary-367821/zones/europe-west3-a/instanceGroupManagers/gke-iti-private-cluste-final-nodepool-125a87af-grp"
            ],
            "location": "europe-west3",
            "managed_instance_group_urls": [
              "https://www.googleapis.com/compute/v1/projects/genial-aviary-367821/zones/europe-west3-b/instanceGroups/gke-iti-private-cluste-final-nodepool-561ae40d-grp",
              "https://www.googleapis.com/compute/v1/projects/genial-aviary-367821/zones/europe-west3-c/instanceGroups/gke-iti-private-cluste-final-nodepool-f5635f9d-grp",
              "https://www.googleapis.com/compute/v1/projects/genial-aviary-367821/zones/europe-west3-a/instanceGroups/gke-iti-private-cluste-final-nodepool-125a87af-grp"
            ],
            "management": [
              {
                "auto_repair": true,
                "auto_upgrade": true
              }
            ],
            "max_pods_per_node": 110,
            "name": "final-nodepool",
            "name_prefix": "",
            "node_config": [
              {
                "boot_disk_kms_key": "",
                "disk_size_gb": 100,
                "disk_type": "pd-standard",
                "gcfs_config": [],
                "guest_accelerator": [],
                "gvnic": [],
                "image_type": "COS_CONTAINERD",
                "labels": {},
                "local_ssd_count": 0,
                "machine_type": "e2-micro",
                "metadata": {
                  "disable-legacy-endpoints": "true"
                },
                "min_cpu_platform": "",
                "node_group": "",
                "oauth_scopes": [
                  "https://www.googleapis.com/auth/logging.write",
                  "https://www.googleapis.com/auth/monitoring"
                ],
                "preemptible": true,
                "reservation_affinity": [],
                "service_account": "default",
                "shielded_instance_config": [
                  {
                    "enable_integrity_monitoring": true,
                    "enable_secure_boot": false
                  }
                ],
                "spot": false,
                "tags": null,
                "taint": [],
                "workload_metadata_config": []
              }
            ],
            "node_count": 1,
            "node_locations": [
              "europe-west3-a",
              "europe-west3-b",
              "europe-west3-c"
            ],
            "operation": null,
            "project": "genial-aviary-367821",
            "timeouts": null,
            "upgrade_settings": [
              {
                "max_surge": 1,
                "max_unavailable": 0
              }
            ],
            "version": "1.23.12-gke.100"
          },
          "sensitive_attributes": [],
          "private": "eyJlMmJmYjczMC1lY2FhLTExZTYtOGY4OC0zNDM2M2JjN2M0YzAiOnsiY3JlYXRlIjoxODAwMDAwMDAwMDAwLCJkZWxldGUiOjE4MDAwMDAwMDAwMDAsInVwZGF0ZSI6MTgwMDAwMDAwMDAwMH0sInNjaGVtYV92ZXJzaW9uIjoiMSJ9",
          "dependencies": [
            "google_compute_network.vpc_network",
            "google_compute_subnetwork.restricted_subnet",
            "google_container_cluster.private-cluster"
          ]
        }
      ]
    }
  ],
  "check_results": []
}
